
Microsoft Visual Studio Solution File, Format Version 12.00
# Visual Studio 15
VisualStudioVersion = 15.0.26430.16
MinimumVisualStudioVersion = 10.0.40219.1
Project("{FAE04EC0-301F-11D3-BF4B-00C04F79EFBC}") = "MarcETL", "MarcETL\MarcETL.csproj", "{EBBFA9D1-895C-4C4A-B80D-024FDB13A89D}"
EndProject
Project("{FAE04EC0-301F-11D3-BF4B-00C04F79EFBC}") = "MarcEtlContracts", "MarcEtlContracts\MarcEtlContracts.csproj", "{5245E8B1-341F-4F98-9585-2AD84C2D765C}"
EndProject
Project("{FAE04EC0-301F-11D3-BF4B-00C04F79EFBC}") = "MarcETL.NA", "MarcETL.RB\MarcETL.NA.csproj", "{E40EE2F5-9660-49AD-A7DA-BF8CF35CDF80}"
EndProject
Project("{FAE04EC0-301F-11D3-BF4B-00C04F79EFBC}") = "MarcETL.EU", "MarcETL.EU\MarcETL.EU.csproj", "{01D5A34C-355E-48D8-B567-C88C2D9A264B}"
EndProject
Project("{FAE04EC0-301F-11D3-BF4B-00C04F79EFBC}") = "MarcETL.Model", "MarcETL.Model\MarcETL.Model.csproj", "{275821B1-78F6-45CB-9A37-11B5D1DC2886}"
EndProject
Project("{FAE04EC0-301F-11D3-BF4B-00C04F79EFBC}") = "MarcETL.Common", "MarcETL.Common\MarcETL.Common.csproj", "{8DBF8DFC-6CFF-43EE-8E8A-2C9586B79ED8}"
EndProject
Project("{2150E333-8FDC-42A3-9474-1A3956D46DE8}") = "Processor", "Processor", "{A9B64E16-8D62-4B06-8132-271AA801D402}"
EndProject
Project("{2150E333-8FDC-42A3-9474-1A3956D46DE8}") = "Contracts", "Contracts", "{025911D4-FFDE-4641-85F2-42D2EB26EB01}"
EndProject
Project("{2150E333-8FDC-42A3-9474-1A3956D46DE8}") = "Model", "Model", "{CD8A7866-2A25-42B9-BA53-50267E28D2FB}"
EndProject
Project("{2150E333-8FDC-42A3-9474-1A3956D46DE8}") = "AWS", "AWS", "{9B83257C-0B2F-4A77-9624-B9AD465F60F7}"
EndProject
Project("{FAE04EC0-301F-11D3-BF4B-00C04F79EFBC}") = "MarcETL.AWS", "MarcETL.AWS\MarcETL.AWS.csproj", "{A9786E72-1C90-470C-8585-D145EA9A26A3}"
EndProject
Project("{FAE04EC0-301F-11D3-BF4B-00C04F79EFBC}") = "MarcETL.AU", "MarcETL.AU\MarcETL.AU.csproj", "{FAA0A04B-B30E-4979-A36B-E136E7F36B32}"
EndProject
Global
	GlobalSection(SolutionConfigurationPlatforms) = preSolution
		Debug|Any CPU = Debug|Any CPU
		Release|Any CPU = Release|Any CPU
	EndGlobalSection
	GlobalSection(ProjectConfigurationPlatforms) = postSolution
		{EBBFA9D1-895C-4C4A-B80D-024FDB13A89D}.Debug|Any CPU.ActiveCfg = Debug|Any CPU
		{EBBFA9D1-895C-4C4A-B80D-024FDB13A89D}.Debug|Any CPU.Build.0 = Debug|Any CPU
		{EBBFA9D1-895C-4C4A-B80D-024FDB13A89D}.Release|Any CPU.ActiveCfg = Release|Any CPU
		{EBBFA9D1-895C-4C4A-B80D-024FDB13A89D}.Release|Any CPU.Build.0 = Release|Any CPU
		{5245E8B1-341F-4F98-9585-2AD84C2D765C}.Debug|Any CPU.ActiveCfg = Debug|Any CPU
		{5245E8B1-341F-4F98-9585-2AD84C2D765C}.Debug|Any CPU.Build.0 = Debug|Any CPU
		{5245E8B1-341F-4F98-9585-2AD84C2D765C}.Release|Any CPU.ActiveCfg = Release|Any CPU
		{5245E8B1-341F-4F98-9585-2AD84C2D765C}.Release|Any CPU.Build.0 = Release|Any CPU
		{E40EE2F5-9660-49AD-A7DA-BF8CF35CDF80}.Debug|Any CPU.ActiveCfg = Debug|Any CPU
		{E40EE2F5-9660-49AD-A7DA-BF8CF35CDF80}.Debug|Any CPU.Build.0 = Debug|Any CPU
		{E40EE2F5-9660-49AD-A7DA-BF8CF35CDF80}.Release|Any CPU.ActiveCfg = Release|Any CPU
		{E40EE2F5-9660-49AD-A7DA-BF8CF35CDF80}.Release|Any CPU.Build.0 = Release|Any CPU
		{01D5A34C-355E-48D8-B567-C88C2D9A264B}.Debug|Any CPU.ActiveCfg = Debug|Any CPU
		{01D5A34C-355E-48D8-B567-C88C2D9A264B}.Debug|Any CPU.Build.0 = Debug|Any CPU
		{01D5A34C-355E-48D8-B567-C88C2D9A264B}.Release|Any CPU.ActiveCfg = Release|Any CPU
		{01D5A34C-355E-48D8-B567-C88C2D9A264B}.Release|Any CPU.Build.0 = Release|Any CPU
		{275821B1-78F6-45CB-9A37-11B5D1DC2886}.Debug|Any CPU.ActiveCfg = Debug|Any CPU
		{275821B1-78F6-45CB-9A37-11B5D1DC2886}.Debug|Any CPU.Build.0 = Debug|Any CPU
		{275821B1-78F6-45CB-9A37-11B5D1DC2886}.Release|Any CPU.ActiveCfg = Release|Any CPU
		{275821B1-78F6-45CB-9A37-11B5D1DC2886}.Release|Any CPU.Build.0 = Release|Any CPU
		{8DBF8DFC-6CFF-43EE-8E8A-2C9586B79ED8}.Debug|Any CPU.ActiveCfg = Debug|Any CPU
		{8DBF8DFC-6CFF-43EE-8E8A-2C9586B79ED8}.Debug|Any CPU.Build.0 = Debug|Any CPU
		{8DBF8DFC-6CFF-43EE-8E8A-2C9586B79ED8}.Release|Any CPU.ActiveCfg = Release|Any CPU
		{8DBF8DFC-6CFF-43EE-8E8A-2C9586B79ED8}.Release|Any CPU.Build.0 = Release|Any CPU
		{A9786E72-1C90-470C-8585-D145EA9A26A3}.Debug|Any CPU.ActiveCfg = Debug|Any CPU
		{A9786E72-1C90-470C-8585-D145EA9A26A3}.Debug|Any CPU.Build.0 = Debug|Any CPU
		{A9786E72-1C90-470C-8585-D145EA9A26A3}.Release|Any CPU.ActiveCfg = Release|Any CPU
		{A9786E72-1C90-470C-8585-D145EA9A26A3}.Release|Any CPU.Build.0 = Release|Any CPU
		{FAA0A04B-B30E-4979-A36B-E136E7F36B32}.Debug|Any CPU.ActiveCfg = Debug|Any CPU
		{FAA0A04B-B30E-4979-A36B-E136E7F36B32}.Debug|Any CPU.Build.0 = Debug|Any CPU
		{FAA0A04B-B30E-4979-A36B-E136E7F36B32}.Release|Any CPU.ActiveCfg = Release|Any CPU
		{FAA0A04B-B30E-4979-A36B-E136E7F36B32}.Release|Any CPU.Build.0 = Release|Any CPU
	EndGlobalSection
	GlobalSection(SolutionProperties) = preSolution
		HideSolutionNode = FALSE
	EndGlobalSection
	GlobalSection(NestedProjects) = preSolution
		{5245E8B1-341F-4F98-9585-2AD84C2D765C} = {025911D4-FFDE-4641-85F2-42D2EB26EB01}
		{E40EE2F5-9660-49AD-A7DA-BF8CF35CDF80} = {A9B64E16-8D62-4B06-8132-271AA801D402}
		{01D5A34C-355E-48D8-B567-C88C2D9A264B} = {A9B64E16-8D62-4B06-8132-271AA801D402}
		{275821B1-78F6-45CB-9A37-11B5D1DC2886} = {CD8A7866-2A25-42B9-BA53-50267E28D2FB}
		{8DBF8DFC-6CFF-43EE-8E8A-2C9586B79ED8} = {025911D4-FFDE-4641-85F2-42D2EB26EB01}
		{A9786E72-1C90-470C-8585-D145EA9A26A3} = {9B83257C-0B2F-4A77-9624-B9AD465F60F7}
		{FAA0A04B-B30E-4979-A36B-E136E7F36B32} = {A9B64E16-8D62-4B06-8132-271AA801D402}
	EndGlobalSection
EndGlobal
